lockfileVersion: '9.0'

settings:
  autoInstallPeers: true
  excludeLinksFromLockfile: false

importers:

  .:
    devDependencies:
      '@typescript/native-preview':
        specifier: latest
        version: 7.0.0-dev.20260707.2
      typescript:
        specifier: 5.9.3
        version: 5.9.3
      vize:
        specifier: 0.290.0
        version: 0.290.0(vue@3.5.39(typescript@5.9.3))
      vue-tsc:
        specifier: 3.3.6
        version: 3.3.6(typescript@5.9.3)

  app:
    dependencies:
      vue:
        specifier: 3.5.39
        version: 3.5.39(typescript@5.9.3)

packages:

  '@babel/helper-string-parser@7.29.7':
    resolution: {integrity: sha512-Pb5ijPrZ89GDH8223L4UP8i6QApWxs04RbPQJTeWDV0/keR2E36MeKnyr6LYmUUvqRRI+Iv87SuF1W6ErINzYw==}
    engines: {node: '>=6.9.0'}

  '@babel/helper-validator-identifier@7.29.7':
    resolution: {integrity: sha512-qehxGkRj55h/ff8EMaJ+cYhyaKlHIxqYDn682wQD7RNp9UujOQsHog2uS0r2vzr4pW+sXf90NeeayjcNaX3fFg==}
    engines: {node: '>=6.9.0'}

  '@babel/parser@7.29.7':
    resolution: {integrity: sha512-hnORnjP/1P/zFEndoeX+n+t1RwWRJiJpM/jO7FW32Kn9r5+sJB2JWOdYo4L6k78j15eCwY3Gm/7364B1EMwtNg==}
    engines: {node: '>=6.0.0'}
    hasBin: true

  '@babel/types@7.29.7':
    resolution: {integrity: sha512-4zBIxpPzowiZpusoFkyGVwakdRJUyuH5PxQ/PrqghfdFWWasvnCdPfQXHrenDai+gyLARulZjZowCOj6fjT4pA==}
    engines: {node: '>=6.9.0'}

  '@emnapi/core@1.10.0':
    resolution: {integrity: sha512-yq6OkJ4p82CAfPl0u9mQebQHKPJkY7WrIuk205cTYnYe+k2Z8YBh11FrbRG/H6ihirqcacOgl2BIO8oyMQLeXw==}

  '@emnapi/runtime@1.10.0':
    resolution: {integrity: sha512-ewvYlk86xUoGI0zQRNq/mC+16R1QeDlKQy21Ki3oSYXNgLb45GV1P6A0M+/s6nyCuNDqe5VpaY84BzXGwVbwFA==}

  '@emnapi/wasi-threads@1.2.1':
    resolution: {integrity: sha512-uTII7OYF+/Mes/MrcIOYp5yOtSMLBWSIoLPpcgwipoiKbli6k322tcoFsxoIIxPDqW01SQGAgko4EzZi2BNv2w==}

  '@jridgewell/sourcemap-codec@1.5.5':
    resolution: {integrity: sha512-cYQ9310grqxueWbl+WuIUIaiUaDcj7WOq5fVhEljNVgRfOUhY9fy2zTvfoqWsnebh8Sl70VScFbICvJnLKB0Og==}

  '@napi-rs/wasm-runtime@1.1.6':
    resolution: {integrity: sha512-ZLv/JdUfkvOy9eCnnBaGfiO+XimbjebAeO+MRQqD/B+FR1tnRN0tpKSJHRbE8sFfS6aqsXZ67TQjfwfsxULVbg==}
    peerDependencies:
      '@emnapi/core': ^1.7.1
      '@emnapi/runtime': ^1.7.1

  '@oxc-transform/binding-android-arm-eabi@0.130.0':
    resolution: {integrity: sha512-Q7oWxsbwgqWe+RoM32WsBIZhJdgp4aASeoTnd+zmmJyNvSA0E5n3por1v54qR2UCO5IzksqUa9jwCHHxuwhk7w==}
    engines: {node: ^20.19.0 || >=22.12.0}
    cpu: [arm]
    os: [android]

  '@oxc-transform/binding-android-arm64@0.130.0':
    resolution: {integrity: sha512-EpCyRi5LlCMAwb6YMByGNHl09m9rcxmFyHTWVcKqrq6wab+wx9yM0PAeiMAfezWIvZ4AIp/pi2blbyJg/YqxJw==}
    engines: {node: ^20.19.0 || >=22.12.0}
    cpu: [arm64]
    os: [android]

  '@oxc-transform/binding-darwin-arm64@0.130.0':
    resolution: {integrity: sha512-EvflmULQ/kQW4rIGvwrdDa6DnYZpsceJ2r0zFmDY+hdAxBA9wXGTJfgGJYOW+KltyhW1ybDbOUfCgLtmUa0YhA==}
    engines: {node: ^20.19.0 || >=22.12.0}
    cpu: [arm64]
    os: [darwin]

  '@oxc-transform/binding-darwin-x64@0.130.0':
    resolution: {integrity: sha512-ZydJiyA6Zdo5exmll//tq3gqGayoRfPTNQBo8weWXhsqzWDEK0VN9wSiRZM4yH4yKS1pY9so890y02CmHaWQVw==}
    engines: {node: ^20.19.0 || >=22.12.0}
    cpu: [x64]
    os: [darwin]

  '@oxc-transform/binding-freebsd-x64@0.130.0':
    resolution: {integrity: sha512-IS3obxLpndsp9A56XMrzex+EYTp9vHdZLxTmYtHXak+wrz76TA9a1RGUdaD3b8b/n6ysljenKhjjnZKR+WGJKQ==}
    engines: {node: ^20.19.0 || >=22.12.0}
    cpu: [x64]
    os: [freebsd]

  '@oxc-transform/binding-linux-arm-gnueabihf@0.130.0':
    resolution: {integrity: sha512-FNsObnYcYR90VaMoSYdBr7SmsN7Mh/lHChy+BlXesjwfJxID7W4BGsSjB+MNY/6eZvemf89m3fluApCdPbYisA==}
    engines: {node: ^20.19.0 || >=22.12.0}
    cpu: [arm]
    os: [linux]

  '@oxc-transform/binding-linux-arm-musleabihf@0.130.0':
    resolution: {integrity: sha512-Z3OSbDihlNs1Gl15IDi3WKfDmpYjNWTrsc0ir2Uv5CBwjJDqnYtQRxZq8JvxoW+Lq5lFEuJQcEPv0U+MWj9pGw==}
    engines: {node: ^20.19.0 || >=22.12.0}
    cpu: [arm]
    os: [linux]

  '@oxc-transform/binding-linux-arm64-gnu@0.130.0':
    resolution: {integrity: sha512-pNVtyv3ndNaHltOKD2bLObE3vSKP89R9+bv7magLKOEnhSwbuFulsYLyc4v7S7YoVhRzmVT4sbVjaSHrWAFt1g==}
    engines: {node: ^20.19.0 || >=22.12.0}
    cpu: [arm64]
    os: [linux]
    libc: [glibc]

  '@oxc-transform/binding-linux-arm64-musl@0.130.0':
    resolution: {integrity: sha512-0sh+YTAYzpMIvK9NmNsCJTXIw8ydy9pd2v3/P0n5DWdQ12+bEZn06XVvFuf5rBbAaS8qqII7bh+2psEHALyM+g==}
    engines: {node: ^20.19.0 || >=22.12.0}
    cpu: [arm64]
    os: [linux]
    libc: [musl]

  '@oxc-transform/binding-linux-ppc64-gnu@0.130.0':
    resolution: {integrity: sha512-gjSO4c68TpH3ybJ2p6lJyZWNOJGfOdSyKd9ZYzFbvSrT5weHir8NV2rSixEwbsmFVd2kQA+aHX5teJkEacLnYQ==}
    engines: {node: ^20.19.0 || >=22.12.0}
    cpu: [ppc64]
    os: [linux]
    libc: [glibc]

  '@oxc-transform/binding-linux-riscv64-gnu@0.130.0':
    resolution: {integrity: sha512-2Fn5JjMPPT2VMrzXQ8M8CcNlNj2Le1EZKbHGKZ8Rue4O9jeCoIx1mF7edySUWPqm3Vq2Oc6Jd/zAaSc9khKgkw==}
    engines: {node: ^20.19.0 || >=22.12.0}
    cpu: [riscv64]
    os: [linux]
    libc: [glibc]

  '@oxc-transform/binding-linux-riscv64-musl@0.130.0':
    resolution: {integrity: sha512-WiSrGyJiiEX3ZdCqRRFsXLMiwu/g4sDM7FhNf0NhpHpCFMfHNa8AlpZ4grSatUaNmkFZBiEhebIJWBKY+VrnHg==}
    engines: {node: ^20.19.0 || >=22.12.0}
    cpu: [riscv64]
    os: [linux]
    libc: [musl]

  '@oxc-transform/binding-linux-s390x-gnu@0.130.0':
    resolution: {integrity: sha512-JbD7CqHRLpNFAfruMEkfYZNdzisgU925Do9GnXdrUc5RjFJ7iKFttNvH3eS93U93bRMEosY5Gbun41BbphjDFg==}
    engines: {node: ^20.19.0 || >=22.12.0}
    cpu: [s390x]
    os: [linux]
    libc: [glibc]

  '@oxc-transform/binding-linux-x64-gnu@0.130.0':
    resolution: {integrity: sha512-/a7ODMlKZdXy449GP91vx8oFgmuoDd08lKr/YnbKnGx9iyUiRsTEEJRqSM6j0EKk6FLJlJYY/pTB3ze6aJf/Rw==}
    engines: {node: ^20.19.0 || >=22.12.0}
    cpu: [x64]
    os: [linux]
    libc: [glibc]

  '@oxc-transform/binding-linux-x64-musl@0.130.0':
    resolution: {integrity: sha512-V8e0WDssMwhDl4bGUeemSvMjBR1rAVGiwmkxKXURizRp+PX+jJnZ2fsDYSCIgiC1jrYMZRms6pvmaqdj75VY2A==}
    engines: {node: ^20.19.0 || >=22.12.0}
    cpu: [x64]
    os: [linux]
    libc: [musl]

  '@oxc-transform/binding-openharmony-arm64@0.130.0':
    resolution: {integrity: sha512-z1zcYYwgDGfC6QuRyM6+s1IN1mzjCAwU/SVXJXMvmDVa4s6LYoFAFHNdIaAerH5HaRhwwB4ZzTW4IUV9p5LyYQ==}
    engines: {node: ^20.19.0 || >=22.12.0}
    cpu: [arm64]
    os: [openharmony]

  '@oxc-transform/binding-wasm32-wasi@0.130.0':
    resolution: {integrity: sha512-+Ts6uzZKxVH5bjuvp2yiOvV3RkF3/MAPCL/4r4UludAawcyhiq7f0zyyhtuM/uMJBYQhzPDHpmzu2qh72a8s/A==}
    engines: {node: ^20.19.0 || >=22.12.0}
    cpu: [wasm32]

  '@oxc-transform/binding-win32-arm64-msvc@0.130.0':
    resolution: {integrity: sha512-NEhR4ians3nh7zHOemgGsrrtzZR/s6EegUFsY6GNOhCJ+43PIos9E3vFy6FwPXoF32pn5FxJ+oOuh6ultrlvpw==}
    engines: {node: ^20.19.0 || >=22.12.0}
    cpu: [arm64]
    os: [win32]

  '@oxc-transform/binding-win32-ia32-msvc@0.130.0':
    resolution: {integrity: sha512-jsmaQme5JbRNezOYrE42hbKTcqZECycxzvXd5eicUSJolUhWUNzmMBhqWAVK7NIThWGUf1UXLVqYf8lVgECCbw==}
    engines: {node: ^20.19.0 || >=22.12.0}
    cpu: [ia32]
    os: [win32]

  '@oxc-transform/binding-win32-x64-msvc@0.130.0':
    resolution: {integrity: sha512-tH8QSCOJV01jdM2PsXADQJHXXZe20wq235PgoZ224/q/5qZ34lu9PMcD8OsN7uhFVcRya1DkiURk69G2ufhKUA==}
    engines: {node: ^20.19.0 || >=22.12.0}
    cpu: [x64]
    os: [win32]

  '@tybys/wasm-util@0.10.3':
    resolution: {integrity: sha512-F3fo1MYrRJYL3zER0OUOmkutjr1Vp23m7OsSgp7nq4SP6OqX6C/56XFIPAl5bt3zaBRjmW7SGz3u/6LwFpYcOg==}

  '@typescript/native-preview-darwin-arm64@7.0.0-dev.20260602.1':
    resolution: {integrity: sha512-eSPHtC/iz2jp6H4qVXg2f8C03/dbtZCBVTNg6v8iajGRgD/V23kcOArVk4IQAR0VyqKRCkzQK+TLqKGwrQxP1Q==}
    engines: {node: '>=16.20.0'}
    cpu: [arm64]
    os: [darwin]

  '@typescript/native-preview-darwin-arm64@7.0.0-dev.20260707.2':
    resolution: {integrity: sha512-wny2pgKjGbiZtnOIHVa3tXC1UfDqxNEFzyPGmiqybedG8hipG2Nfp0l5UxbaKCjkLacUpH/W5bP2hBOMVhCOzg==}
    engines: {node: '>=16.20.0'}
    cpu: [arm64]
    os: [darwin]

  '@typescript/native-preview-darwin-x64@7.0.0-dev.20260602.1':
    resolution: {integrity: sha512-tw/714Iw8hsleZowmqxaKrBr1TSAuJU99vEXBjVcBQTW9mChWSt7HDSDNaM2Y3XFLiCj8MAJvzf83uP3wIqBtQ==}
    engines: {node: '>=16.20.0'}
    cpu: [x64]
    os: [darwin]

  '@typescript/native-preview-darwin-x64@7.0.0-dev.20260707.2':
    resolution: {integrity: sha512-Afc7M5zOwo+GpfcYwz5Z8HMB2tPVsui7nNIqEuuFB73MPdVqNn/Wmpe4tP4MRri0AtJnJknoHBaTJ/VDAp/Jhw==}
    engines: {node: '>=16.20.0'}
    cpu: [x64]
    os: [darwin]

  '@typescript/native-preview-linux-arm64@7.0.0-dev.20260602.1':
    resolution: {integrity: sha512-uh5XGYggWJWf8QVNI4oylUK04pe74WCTq0DqpZx3y/CnnHzVrgWPlEFe+wn2MhknwVAhOtCIYu2F0UKUqHucTA==}
    engines: {node: '>=16.20.0'}
    cpu: [arm64]
    os: [linux]

  '@typescript/native-preview-linux-arm64@7.0.0-dev.20260707.2':
    resolution: {integrity: sha512-iITBa2WjjTI5N9t5l7Z4KoOSI+2zBlhbvFzsD/f8qX8QoKjz/Y4DPyBDgezYi8nkqjjksbgSOJ3/ykzhwrB9cg==}
    engines: {node: '>=16.20.0'}
    cpu: [arm64]
    os: [linux]

  '@typescript/native-preview-linux-arm@7.0.0-dev.20260602.1':
    resolution: {integrity: sha512-rtGXfkDyUCjASRw/NXhVwOUfDzqSZrfTGBievr71XBcehVlMBZF9DxWVaIfRMKzXfFpVsmD9C+2JnFgDUBrBaQ==}
    engines: {node: '>=16.20.0'}
    cpu: [arm]
    os: [linux]

  '@typescript/native-preview-linux-arm@7.0.0-dev.20260707.2':
    resolution: {integrity: sha512-hJm/UOqZTr9FHmR7uNm8VGX4oKtfWk0Jem0zPeJFNC8ckGUfSBueyiEYMZB+XmRc1aG4x1E46y3CplP4CLHvGQ==}
    engines: {node: '>=16.20.0'}
    cpu: [arm]
    os: [linux]

  '@typescript/native-preview-linux-x64@7.0.0-dev.20260602.1':
    resolution: {integrity: sha512-ZKNmZkJCh39uLzHSWC6jeH0d7lTO8ddj1hLm+Gu+4O0maaInZfWLC3xGxME183adMp54tCasCJcZ8XhDgO2NEw==}
    engines: {node: '>=16.20.0'}
    cpu: [x64]
    os: [linux]

  '@typescript/native-preview-linux-x64@7.0.0-dev.20260707.2':
    resolution: {integrity: sha512-du0dzi6y97Po5vDNdPJTyyijHCpaS22JLRnKZEJXBDaO9gCIymOv/5QQokFRuOlQm0bWl3i9PF4OVdGP6uAOQA==}
    engines: {node: '>=16.20.0'}
    cpu: [x64]
    os: [linux]

  '@typescript/native-preview-win32-arm64@7.0.0-dev.20260602.1':
    resolution: {integrity: sha512-YZ3wcQ/nN0C71CII0P8Sx6jAvh7WX6zwa3wwGXQOOO4SvxQgUu1ijznsOz+Gz3KpjyyXAloGppkA+0JT5BhbmQ==}
    engines: {node: '>=16.20.0'}
    cpu: [arm64]
    os: [win32]

  '@typescript/native-preview-win32-arm64@7.0.0-dev.20260707.2':
    resolution: {integrity: sha512-SsAwfhyHJ1akgBc+99z4+hwdbHsdWaKB8EwCNIMA6JfSLMeUjffrYvxu+vfMyxVtOVOz7RrRXRoiDiu4a2sCtg==}
    engines: {node: '>=16.20.0'}
    cpu: [arm64]
    os: [win32]

  '@typescript/native-preview-win32-x64@7.0.0-dev.20260602.1':
    resolution: {integrity: sha512-ENQpKND75VD7WgtGwj1xXpOQKBM0bmjtzC4W9rzxJjInYfbu22VOXnfzEZlb7fmo/EnyZL6QF6P/zx4ojRMX9Q==}
    engines: {node: '>=16.20.0'}
    cpu: [x64]
    os: [win32]

  '@typescript/native-preview-win32-x64@7.0.0-dev.20260707.2':
    resolution: {integrity: sha512-DL4u27stv0fo71sVhOzHSwE+YMZsbBijVI+kg5dLDLilSH79WFTJ8RSQ46vJrCMt+Gjlv/JOZP1PuLJDfioYeQ==}
    engines: {node: '>=16.20.0'}
    cpu: [x64]
    os: [win32]

  '@typescript/native-preview@7.0.0-dev.20260602.1':
    resolution: {integrity: sha512-Gfnju5EahMkyN5Mn9EIFTXabj/yfixdxtLcb1u8fSDWLD9AOflOLO95GuQcyZHPjCNukTE+9uAvjpMKcRNmbXQ==}
    engines: {node: '>=16.20.0'}
    hasBin: true

  '@typescript/native-preview@7.0.0-dev.20260707.2':
    resolution: {integrity: sha512-oUGp+Rep/hqMhPunyinsALUwSlzHINSxitifPiSaeqoKOKD2OlR9NE3TaPqwsl4NlGslsOSUXI1JotWQzpYCPg==}
    engines: {node: '>=16.20.0'}
    hasBin: true

  '@vizejs/native-darwin-arm64@0.290.0':
    resolution: {integrity: sha512-6HJUy9PZ/atXB/JnQXADKgMCJMG7DoXrUEYqYToVbjYPJirVcbkfFECy2N3/ekAUOMqlhD69D4gN9j8vqq2BtA==}
    engines: {node: '>=22'}
    cpu: [arm64]
    os: [darwin]

  '@vizejs/native-darwin-x64@0.290.0':
    resolution: {integrity: sha512-y3O6gNk2O6r6mulUKAAz5V35FQpb9Bj7fOTV0h2y1K1yt7cQAclu8UpWa7XCltRbqXUlbsyYxCgOZ4vTDldRww==}
    engines: {node: '>=22'}
    cpu: [x64]
    os: [darwin]

  '@vizejs/native-linux-arm64-gnu@0.290.0':
    resolution: {integrity: sha512-s9xcCOTyITa22H3Lp8ESCgsgV1D3weRpkRh9Qsa/30itMcl1AI3Asv4rzsERzNppBO3W90YavyoK5plBposv1w==}
    engines: {node: '>=22'}
    cpu: [arm64]
    os: [linux]
    libc: [glibc]

  '@vizejs/native-linux-arm64-musl@0.290.0':
    resolution: {integrity: sha512-xsgBRCWolAseKG8210Fx25V4x7AZfPdgf/5ZoZhvVTtEoBHWZpB6uvlGaPsxcKaV84dFiOuEWNSAIBpzLEGzBA==}
    engines: {node: '>=22'}
    cpu: [arm64]
    os: [linux]
    libc: [musl]

  '@vizejs/native-linux-x64-gnu@0.290.0':
    resolution: {integrity: sha512-plhCcM48dW3C6p/dX+UH3e4c2ni4DbnmaQ3OWViK/PhpfnO1PHly7zyYgfv5Aj/hTz30I7n2amiOzt5Vt5rsfQ==}
    engines: {node: '>=22'}
    cpu: [x64]
    os: [linux]
    libc: [glibc]

  '@vizejs/native-linux-x64-musl@0.290.0':
    resolution: {integrity: sha512-9zkfUFau/2NIb5L9oGi2RLpNfo+qsb0IQfXvOwNJHPLKN8WYBgNXFJbO/GNVpAfU/k4s3yvpolkEvvh1Np38HA==}
    engines: {node: '>=22'}
    cpu: [x64]
    os: [linux]
    libc: [musl]

  '@vizejs/native-win32-arm64-msvc@0.290.0':
    resolution: {integrity: sha512-GuXbng0xSL8LMrxRJ8/BRRqIfmRl+tCuaDsGSgvQ3A6ZN1YyzY6lw7oNaq6NYzQIUV2bomSWdZfpew8iodRh4g==}
    engines: {node: '>=22'}
    cpu: [arm64]
    os: [win32]

  '@vizejs/native-win32-x64-msvc@0.290.0':
    resolution: {integrity: sha512-g2ts8OM402/KmWwWUohBwR90pNDyDElQEZBufSoiIQX8WkjBSbLVau+U+LW5xdRDUTwSXDevht13dKKhweKtBA==}
    engines: {node: '>=22'}
    cpu: [x64]
    os: [win32]

  '@vizejs/native@0.290.0':
    resolution: {integrity: sha512-gWc4R4a3Ktk/bOrLeJe/bz5hvuFLxN2PQJLh9xKwpQoHlEAs0OyK7D+bs51O5sixtk/WWo6UOus9/ZZIJ3o67A==}
    engines: {node: '>=22'}

  '@volar/language-core@2.4.28':
    resolution: {integrity: sha512-w4qhIJ8ZSitgLAkVay6AbcnC7gP3glYM3fYwKV3srj8m494E3xtrCv6E+bWviiK/8hs6e6t1ij1s2Endql7vzQ==}

  '@volar/source-map@2.4.28':
    resolution: {integrity: sha512-yX2BDBqJkRXfKw8my8VarTyjv48QwxdJtvRgUpNE5erCsgEUdI2DsLbpa+rOQVAJYshY99szEcRDmyHbF10ggQ==}

  '@volar/typescript@2.4.28':
    resolution: {integrity: sha512-Ja6yvWrbis2QtN4ClAKreeUZPVYMARDYZl9LMEv1iQ1QdepB6wn0jTRxA9MftYmYa4DQ4k/DaSZpFPUfxl8giw==}

  '@vue/compiler-core@3.5.39':
    resolution: {integrity: sha512-16KBTEXAJCpDr0mwlw+AZyhu8iyC7R3S2vBwsI7QnWJU6X3WKc9VKeNEZpiMdZ569qWhz9574L3vV55qRL0Vtw==}

  '@vue/compiler-dom@3.5.39':
    resolution: {integrity: sha512-oQPigALqYbNxTNPvNgSOe+czwVExfbVF02lz8jP0S3AXJiu3jxYDygNUiqSep4ezzW8XgnubqH63My2A7JR/vg==}

  '@vue/compiler-sfc@3.5.39':
    resolution: {integrity: sha512-d0ki86iOyN8LoZPBmk5SJWNwHP19CnDDCfuo//+2WJa2g5Ke0Jay983PIBIcSSzldC68I8DrD5GrHV3OSDfodg==}

  '@vue/compiler-ssr@3.5.39':
    resolution: {integrity: sha512-Ce7/wvwMHai74bdszfXExdazFigYnlF9zgCmEQUcM1j0fOymlouZ7XilTYNo8oUjhlnjYOZbGrcYKuqjz89Ucw==}

  '@vue/language-core@3.3.6':
    resolution: {integrity: sha512-LgBMZAy2sR3cQWknpyaxnI6yBkqDfLBPkbdhwRhQCvzfNJRQXPilgQIrdI/v4ytJ0sAq9bWhaPsjqBqneomJ3Q==}

  '@vue/reactivity@3.5.39':
    resolution: {integrity: sha512-TpsuBJ9gGlZa5d23XcM2y8EXanz9dZeVDQBXRwzy46ItgvM+rWpzs+UVM0wcRLxGvcav0HE5jz2gNL53xlRAog==}

  '@vue/runtime-core@3.5.39':
    resolution: {integrity: sha512-9GLtNyRvPAUMbX+7ono0RC2j0guo2LXVi8LvcmAooImACUKm0oFf0jjwbX8/H0AE/t1nxhAkn8RSl9PMCzzxZw==}

  '@vue/runtime-dom@3.5.39':
    resolution: {integrity: sha512-7Y6aAGboKcXAZ3ECuUy7RrS5yy2r47dhTp2SKaJmYxjopImaVFaNa5Ne66NwGovsrxVAl5S5rwc7m22UG7Lmww==}

  '@vue/server-renderer@3.5.39':
    resolution: {integrity: sha512-yZSakiAGw85rZfG7UM8akMnIF+FmeiNk47uvHf2nVBBSe+dIKUhZuZq9+XgJhbV3nS5Z4ALH23/MpXofW+mbcw==}
    peerDependencies:
      vue: 3.5.39

  '@vue/shared@3.5.39':
    resolution: {integrity: sha512-l1rrBtBfTnmxvtsvdQDXltUUy8S1Y+ZaqdfUzmAnJkTd8Z8rv5v/ytW+TKiqEOWyHPoqtPlNFSs0lhRmYVSHVA==}

  alien-signals@3.2.1:
    resolution: {integrity: sha512-I8FjmltrfnDFoZedi5CG8DghVYNhzb/Ijluz7tCSJH0xpd0484Kowhbb1XDYOxfJpU1p5wnM2X54dA+IfGyD1g==}

  csstype@3.2.3:
    resolution: {integrity: sha512-z1HGKcYy2xA8AGQfwrn0PAy+PB7X/GSj3UVJW9qKyn43xWa+gl5nXmU4qqLMRzWVLFC8KusUX8T/0kCiOYpAIQ==}

  entities@7.0.1:
    resolution: {integrity: sha512-TWrgLOFUQTH994YUyl1yT4uyavY5nNB5muff+RtWaqNVCAK408b5ZnnbNAUEWLTCpum9w6arT70i1XdQ4UeOPA==}
    engines: {node: '>=0.12'}

  estree-walker@2.0.2:
    resolution: {integrity: sha512-Rfkk/Mp/DL7JVje3u18FxFujQlTNR2q6QfMSMB7AvCBx91NGj/ba3kCfza0f6dVDbw7YlRf/nDrn7pQrCCyQ/w==}

  magic-string@0.30.21:
    resolution: {integrity: sha512-vd2F4YUyEXKGcLHoq+TEyCjxueSeHnFxyyjNp80yg0XV4vUhnDer/lvvlqM/arB5bXQN5K2/3oinyCRyx8T2CQ==}

  muggle-string@0.4.1:
    resolution: {integrity: sha512-VNTrAak/KhO2i8dqqnqnAHOa3cYBwXEZe9h+D5h/1ZqFSTEFHdM65lR7RoIqq3tBBYavsOXV84NoHXZ0AkPyqQ==}

  nanoid@3.3.16:
    resolution: {integrity: sha512-bzlKTyNJ7+LdGIIwy8ijFpIqEQIvafahV7eYykJ8Cvh42EdJeODoJ6gUJXpQJvej1BddH8OqTXZNE/KfbWAu8Q==}
    engines: {node: ^10 || ^12 || ^13.7 || ^14 || >=15.0.1}
    hasBin: true

  oxc-transform@0.130.0:
    resolution: {integrity: sha512-aMD7aOzdG1yOKd2O01ngLiDw+9AEm7txKKsUlDY/jjZ7XyEDeZNL8V9rROfTi4ir/xhzQ73IDaZImSG6b6mp3g==}
    engines: {node: ^20.19.0 || >=22.12.0}

  path-browserify@1.0.1:
    resolution: {integrity: sha512-b7uo2UCUOYZcnF/3ID0lulOJi/bafxa1xPe7ZPsammBSpjSWQkjNxlt635YGS2MiR9GjvuXCtz2emr3jbsz98g==}

  picocolors@1.1.1:
    resolution: {integrity: sha512-xceH2snhtb5M9liqDsmEw56le376mTZkEX/jEb/RxNFyegNul7eNslCXP9FDj/Lcu0X8KEyMceP2ntpaHrDEVA==}

  picomatch@4.0.5:
    resolution: {integrity: sha512-RvwwcruNjI1ncT5xRakeyS9Lf8lcItv34KD+aif+VH9kduAyfYBipGh12274xtenIPZ119/R9BdTBa8gAwSh0A==}
    engines: {node: '>=12'}

  postcss@8.5.19:
    resolution: {integrity: sha512-Mz8SaolMd8nB+G13WkORcxQKHZ/NE4xXevtkJHVuG+guo9/wYKlIMTKAqGdEmYOXR2ijPjTYNHssizdaVSUNdQ==}
    engines: {node: ^10 || ^12 || >=14}

  source-map-js@1.2.1:
    resolution: {integrity: sha512-UXWMKhLOwVKb728IUtQPXxfYU+usdybtUrK/8uGE8CQMvrhOpwvzDBwj0QhSL7MQc7vIsISBG8VQ8+IDQxpfQA==}
    engines: {node: '>=0.10.0'}

  tslib@2.8.1:
    resolution: {integrity: sha512-oJFu94HQb+KVduSUQL7wnpmqnfmLsOA/nAh6b6EH0wCEoK0/mPeXU6c3wKDV83MkOuHPRHtSXKKU99IBazS/2w==}

  typescript@5.9.3:
    resolution: {integrity: sha512-jl1vZzPDinLr9eUt3J/t7V6FgNEw9QjvBPdysz9KfQDD41fQrC2Y4vKQdiaUpFT4bXlb1RHhLpp8wtm6M5TgSw==}
    engines: {node: '>=14.17'}
    hasBin: true

  vize@0.290.0:
    resolution: {integrity: sha512-R7YsHGTqVV8dBeMBAJgmOivo567vau8bK4jTemHQPSFBeafvMdAB1D/imUrTcuIKg+oga/WG66txy1yOFLWWdw==}
    engines: {node: '>=22'}
    hasBin: true
    peerDependencies:
      '@pkl-community/pkl': 0.30.2
      vue: '>=2.6.0'
    peerDependenciesMeta:
      '@pkl-community/pkl':
        optional: true
      vue:
        optional: true

  vscode-uri@3.1.0:
    resolution: {integrity: sha512-/BpdSx+yCQGnCvecbyXdxHDkuk55/G3xwnC0GqY4gmQ3j+A+g8kzzgB4Nk/SINjqn6+waqw3EgbVF2QKExkRxQ==}

  vue-tsc@3.3.6:
    resolution: {integrity: sha512-ERXGgbKSBGFUkavrJ1Iwj0ZVxKqB/5UOx65IXy7fPf2UsoI21n3ssQLwdvx8xyUGgJe9PvSZTM/FYzIdwUDPFA==}
    hasBin: true
    peerDependencies:
      typescript: '>=5.0.0'

  vue@3.5.39:
    resolution: {integrity: sha512-xmZCYabFGcirU8r0fTuvl/LICc1OU620rnqepaJDL/a141ZigkG7AyaxQLdqJ02ZRYzWe6YPaDHeQx7MfknQfA==}
    peerDependencies:
      typescript: '*'
    peerDependenciesMeta:
      typescript:
        optional: true

snapshots:

  '@babel/helper-string-parser@7.29.7': {}

  '@babel/helper-validator-identifier@7.29.7': {}

  '@babel/parser@7.29.7':
    dependencies:
      '@babel/types': 7.29.7

  '@babel/types@7.29.7':
    dependencies:
      '@babel/helper-string-parser': 7.29.7
      '@babel/helper-validator-identifier': 7.29.7

  '@emnapi/core@1.10.0':
    dependencies:
      '@emnapi/wasi-threads': 1.2.1
      tslib: 2.8.1
    optional: true

  '@emnapi/runtime@1.10.0':
    dependencies:
      tslib: 2.8.1
    optional: true

  '@emnapi/wasi-threads@1.2.1':
    dependencies:
      tslib: 2.8.1
    optional: true

  '@jridgewell/sourcemap-codec@1.5.5': {}

  '@napi-rs/wasm-runtime@1.1.6(@emnapi/core@1.10.0)(@emnapi/runtime@1.10.0)':
    dependencies:
      '@emnapi/core': 1.10.0
      '@emnapi/runtime': 1.10.0
      '@tybys/wasm-util': 0.10.3
    optional: true

  '@oxc-transform/binding-android-arm-eabi@0.130.0':
    optional: true

  '@oxc-transform/binding-android-arm64@0.130.0':
    optional: true

  '@oxc-transform/binding-darwin-arm64@0.130.0':
    optional: true

  '@oxc-transform/binding-darwin-x64@0.130.0':
    optional: true

  '@oxc-transform/binding-freebsd-x64@0.130.0':
    optional: true

  '@oxc-transform/binding-linux-arm-gnueabihf@0.130.0':
    optional: true

  '@oxc-transform/binding-linux-arm-musleabihf@0.130.0':
    optional: true

  '@oxc-transform/binding-linux-arm64-gnu@0.130.0':
    optional: true

  '@oxc-transform/binding-linux-arm64-musl@0.130.0':
    optional: true

  '@oxc-transform/binding-linux-ppc64-gnu@0.130.0':
    optional: true

  '@oxc-transform/binding-linux-riscv64-gnu@0.130.0':
    optional: true

  '@oxc-transform/binding-linux-riscv64-musl@0.130.0':
    optional: true

  '@oxc-transform/binding-linux-s390x-gnu@0.130.0':
    optional: true

  '@oxc-transform/binding-linux-x64-gnu@0.130.0':
    optional: true

  '@oxc-transform/binding-linux-x64-musl@0.130.0':
    optional: true

  '@oxc-transform/binding-openharmony-arm64@0.130.0':
    optional: true

  '@oxc-transform/binding-wasm32-wasi@0.130.0':
    dependencies:
      '@emnapi/core': 1.10.0
      '@emnapi/runtime': 1.10.0
      '@napi-rs/wasm-runtime': 1.1.6(@emnapi/core@1.10.0)(@emnapi/runtime@1.10.0)
    optional: true

  '@oxc-transform/binding-win32-arm64-msvc@0.130.0':
    optional: true

  '@oxc-transform/binding-win32-ia32-msvc@0.130.0':
    optional: true

  '@oxc-transform/binding-win32-x64-msvc@0.130.0':
    optional: true

  '@tybys/wasm-util@0.10.3':
    dependencies:
      tslib: 2.8.1
    optional: true

  '@typescript/native-preview-darwin-arm64@7.0.0-dev.20260602.1':
    optional: true

  '@typescript/native-preview-darwin-arm64@7.0.0-dev.20260707.2':
    optional: true

  '@typescript/native-preview-darwin-x64@7.0.0-dev.20260602.1':
    optional: true

  '@typescript/native-preview-darwin-x64@7.0.0-dev.20260707.2':
    optional: true

  '@typescript/native-preview-linux-arm64@7.0.0-dev.20260602.1':
    optional: true

  '@typescript/native-preview-linux-arm64@7.0.0-dev.20260707.2':
    optional: true

  '@typescript/native-preview-linux-arm@7.0.0-dev.20260602.1':
    optional: true

  '@typescript/native-preview-linux-arm@7.0.0-dev.20260707.2':
    optional: true

  '@typescript/native-preview-linux-x64@7.0.0-dev.20260602.1':
    optional: true

  '@typescript/native-preview-linux-x64@7.0.0-dev.20260707.2':
    optional: true

  '@typescript/native-preview-win32-arm64@7.0.0-dev.20260602.1':
    optional: true

  '@typescript/native-preview-win32-arm64@7.0.0-dev.20260707.2':
    optional: true

  '@typescript/native-preview-win32-x64@7.0.0-dev.20260602.1':
    optional: true

  '@typescript/native-preview-win32-x64@7.0.0-dev.20260707.2':
    optional: true

  '@typescript/native-preview@7.0.0-dev.20260602.1':
    optionalDependencies:
      '@typescript/native-preview-darwin-arm64': 7.0.0-dev.20260602.1
      '@typescript/native-preview-darwin-x64': 7.0.0-dev.20260602.1
      '@typescript/native-preview-linux-arm': 7.0.0-dev.20260602.1
      '@typescript/native-preview-linux-arm64': 7.0.0-dev.20260602.1
      '@typescript/native-preview-linux-x64': 7.0.0-dev.20260602.1
      '@typescript/native-preview-win32-arm64': 7.0.0-dev.20260602.1
      '@typescript/native-preview-win32-x64': 7.0.0-dev.20260602.1
    optional: true

  '@typescript/native-preview@7.0.0-dev.20260707.2':
    optionalDependencies:
      '@typescript/native-preview-darwin-arm64': 7.0.0-dev.20260707.2
      '@typescript/native-preview-darwin-x64': 7.0.0-dev.20260707.2
      '@typescript/native-preview-linux-arm': 7.0.0-dev.20260707.2
      '@typescript/native-preview-linux-arm64': 7.0.0-dev.20260707.2
      '@typescript/native-preview-linux-x64': 7.0.0-dev.20260707.2
      '@typescript/native-preview-win32-arm64': 7.0.0-dev.20260707.2
      '@typescript/native-preview-win32-x64': 7.0.0-dev.20260707.2

  '@vizejs/native-darwin-arm64@0.290.0':
    optional: true

  '@vizejs/native-darwin-x64@0.290.0':
    optional: true

  '@vizejs/native-linux-arm64-gnu@0.290.0':
    optional: true

  '@vizejs/native-linux-arm64-musl@0.290.0':
    optional: true

  '@vizejs/native-linux-x64-gnu@0.290.0':
    optional: true

  '@vizejs/native-linux-x64-musl@0.290.0':
    optional: true

  '@vizejs/native-win32-arm64-msvc@0.290.0':
    optional: true

  '@vizejs/native-win32-x64-msvc@0.290.0':
    optional: true

  '@vizejs/native@0.290.0':
    optionalDependencies:
      '@vizejs/native-darwin-arm64': 0.290.0
      '@vizejs/native-darwin-x64': 0.290.0
      '@vizejs/native-linux-arm64-gnu': 0.290.0
      '@vizejs/native-linux-arm64-musl': 0.290.0
      '@vizejs/native-linux-x64-gnu': 0.290.0
      '@vizejs/native-linux-x64-musl': 0.290.0
      '@vizejs/native-win32-arm64-msvc': 0.290.0
      '@vizejs/native-win32-x64-msvc': 0.290.0

  '@volar/language-core@2.4.28':
    dependencies:
      '@volar/source-map': 2.4.28

  '@volar/source-map@2.4.28': {}

  '@volar/typescript@2.4.28':
    dependencies:
      '@volar/language-core': 2.4.28
      path-browserify: 1.0.1
      vscode-uri: 3.1.0

  '@vue/compiler-core@3.5.39':
    dependencies:
      '@babel/parser': 7.29.7
      '@vue/shared': 3.5.39
      entities: 7.0.1
      estree-walker: 2.0.2
      source-map-js: 1.2.1

  '@vue/compiler-dom@3.5.39':
    dependencies:
      '@vue/compiler-core': 3.5.39
      '@vue/shared': 3.5.39

  '@vue/compiler-sfc@3.5.39':
    dependencies:
      '@babel/parser': 7.29.7
      '@vue/compiler-core': 3.5.39
      '@vue/compiler-dom': 3.5.39
      '@vue/compiler-ssr': 3.5.39
      '@vue/shared': 3.5.39
      estree-walker: 2.0.2
      magic-string: 0.30.21
      postcss: 8.5.19
      source-map-js: 1.2.1

  '@vue/compiler-ssr@3.5.39':
    dependencies:
      '@vue/compiler-dom': 3.5.39
      '@vue/shared': 3.5.39

  '@vue/language-core@3.3.6':
    dependencies:
      '@volar/language-core': 2.4.28
      '@vue/compiler-dom': 3.5.39
      '@vue/shared': 3.5.39
      alien-signals: 3.2.1
      muggle-string: 0.4.1
      path-browserify: 1.0.1
      picomatch: 4.0.5

  '@vue/reactivity@3.5.39':
    dependencies:
      '@vue/shared': 3.5.39

  '@vue/runtime-core@3.5.39':
    dependencies:
      '@vue/reactivity': 3.5.39
      '@vue/shared': 3.5.39

  '@vue/runtime-dom@3.5.39':
    dependencies:
      '@vue/reactivity': 3.5.39
      '@vue/runtime-core': 3.5.39
      '@vue/shared': 3.5.39
      csstype: 3.2.3

  '@vue/server-renderer@3.5.39(vue@3.5.39(typescript@5.9.3))':
    dependencies:
      '@vue/compiler-ssr': 3.5.39
      '@vue/shared': 3.5.39
      vue: 3.5.39(typescript@5.9.3)

  '@vue/shared@3.5.39': {}

  alien-signals@3.2.1: {}

  csstype@3.2.3: {}

  entities@7.0.1: {}

  estree-walker@2.0.2: {}

  magic-string@0.30.21:
    dependencies:
      '@jridgewell/sourcemap-codec': 1.5.5

  muggle-string@0.4.1: {}

  nanoid@3.3.16: {}

  oxc-transform@0.130.0:
    optionalDependencies:
      '@oxc-transform/binding-android-arm-eabi': 0.130.0
      '@oxc-transform/binding-android-arm64': 0.130.0
      '@oxc-transform/binding-darwin-arm64': 0.130.0
      '@oxc-transform/binding-darwin-x64': 0.130.0
      '@oxc-transform/binding-freebsd-x64': 0.130.0
      '@oxc-transform/binding-linux-arm-gnueabihf': 0.130.0
      '@oxc-transform/binding-linux-arm-musleabihf': 0.130.0
      '@oxc-transform/binding-linux-arm64-gnu': 0.130.0
      '@oxc-transform/binding-linux-arm64-musl': 0.130.0
      '@oxc-transform/binding-linux-ppc64-gnu': 0.130.0
      '@oxc-transform/binding-linux-riscv64-gnu': 0.130.0
      '@oxc-transform/binding-linux-riscv64-musl': 0.130.0
      '@oxc-transform/binding-linux-s390x-gnu': 0.130.0
      '@oxc-transform/binding-linux-x64-gnu': 0.130.0
      '@oxc-transform/binding-linux-x64-musl': 0.130.0
      '@oxc-transform/binding-openharmony-arm64': 0.130.0
      '@oxc-transform/binding-wasm32-wasi': 0.130.0
      '@oxc-transform/binding-win32-arm64-msvc': 0.130.0
      '@oxc-transform/binding-win32-ia32-msvc': 0.130.0
      '@oxc-transform/binding-win32-x64-msvc': 0.130.0

  path-browserify@1.0.1: {}

  picocolors@1.1.1: {}

  picomatch@4.0.5: {}

  postcss@8.5.19:
    dependencies:
      nanoid: 3.3.16
      picocolors: 1.1.1
      source-map-js: 1.2.1

  source-map-js@1.2.1: {}

  tslib@2.8.1:
    optional: true

  typescript@5.9.3: {}

  vize@0.290.0(vue@3.5.39(typescript@5.9.3)):
    dependencies:
      '@vizejs/native': 0.290.0
      oxc-transform: 0.130.0
    optionalDependencies:
      '@typescript/native-preview': 7.0.0-dev.20260602.1
      vue: 3.5.39(typescript@5.9.3)

  vscode-uri@3.1.0: {}

  vue-tsc@3.3.6(typescript@5.9.3):
    dependencies:
      '@volar/typescript': 2.4.28
      '@vue/language-core': 3.3.6
      typescript: 5.9.3

  vue@3.5.39(typescript@5.9.3):
    dependencies:
      '@vue/compiler-dom': 3.5.39
      '@vue/compiler-sfc': 3.5.39
      '@vue/runtime-dom': 3.5.39
      '@vue/server-renderer': 3.5.39(vue@3.5.39(typescript@5.9.3))
      '@vue/shared': 3.5.39
    optionalDependencies:
      typescript: 5.9.3
